// !$*UTF8*$!
{
	archiveVersion = 1;
	classes = {
	};
	objectVersion = 48;
	objects = {

/* Begin PBXBuildFile section */
		601004BD1F976054004512EE /* ManageKeysViewController.swift in Sources */ = {isa = PBXBuildFile; fileRef = 601004BC1F976054004512EE /* ManageKeysViewController.swift */; };
		60509C961F9F334F00785EE9 /* QRCodeReader.framework in Frameworks */ = {isa = PBXBuildFile; fileRef = 60509C951F9F328E00785EE9 /* QRCodeReader.framework */; };
		60509C971F9F334F00785EE9 /* QRCodeReader.framework in Embed Frameworks */ = {isa = PBXBuildFile; fileRef = 60509C951F9F328E00785EE9 /* QRCodeReader.framework */; settings = {ATTRIBUTES = (CodeSignOnCopy, RemoveHeadersOnCopy, ); }; };
		605475CB1F84D287005F7C76 /* TaskTableViewController.swift in Sources */ = {isa = PBXBuildFile; fileRef = 605475CA1F84D287005F7C76 /* TaskTableViewController.swift */; };
		6070ADF31F84CDD4006B5ECE /* Task.swift in Sources */ = {isa = PBXBuildFile; fileRef = 6070ADF21F84CDD4006B5ECE /* Task.swift */; };
		6070ADF51F84CF4B006B5ECE /* TaskTableViewCell.swift in Sources */ = {isa = PBXBuildFile; fileRef = 6070ADF41F84CF4B006B5ECE /* TaskTableViewCell.swift */; };
		607EFC251F8BA1A80084692A /* TaskModel.swift in Sources */ = {isa = PBXBuildFile; fileRef = 607EFC241F8BA1A80084692A /* TaskModel.swift */; };
		60E4DE5B1F828EDA00D04E9A /* AppDelegate.swift in Sources */ = {isa = PBXBuildFile; fileRef = 60E4DE5A1F828EDA00D04E9A /* AppDelegate.swift */; };
		60E4DE5D1F828EDA00D04E9A /* TaskViewController.swift in Sources */ = {isa = PBXBuildFile; fileRef = 60E4DE5C1F828EDA00D04E9A /* TaskViewController.swift */; };
		60E4DE601F828EDA00D04E9A /* Main.storyboard in Resources */ = {isa = PBXBuildFile; fileRef = 60E4DE5E1F828EDA00D04E9A /* Main.storyboard */; };
		60E4DE621F828EDA00D04E9A /* Assets.xcassets in Resources */ = {isa = PBXBuildFile; fileRef = 60E4DE611F828EDA00D04E9A /* Assets.xcassets */; };
		60E4DE651F828EDA00D04E9A /* LaunchScreen.storyboard in Resources */ = {isa = PBXBuildFile; fileRef = 60E4DE631F828EDA00D04E9A /* LaunchScreen.storyboard */; };
		60E7758F1F90E12300AE069C /* PrivacyKit.framework in Frameworks */ = {isa = PBXBuildFile; fileRef = 60E775861F90E0F500AE069C /* PrivacyKit.framework */; };
		60E775901F90E12300AE069C /* PrivacyKit.framework in Embed Frameworks */ = {isa = PBXBuildFile; fileRef = 60E775861F90E0F500AE069C /* PrivacyKit.framework */; settings = {ATTRIBUTES = (CodeSignOnCopy, RemoveHeadersOnCopy, ); }; };
/* End PBXBuildFile section */

/* Begin PBXContainerItemProxy section */
		60509C941F9F328E00785EE9 /* PBXContainerItemProxy */ = {
			isa = PBXContainerItemProxy;
			containerPortal = 60509C901F9F328E00785EE9 /* QRCodeReader.xcodeproj */;
			proxyType = 2;
			remoteGlobalIDString = 60B2FDD01F3A0AB200E23DF9;
			remoteInfo = QRCodeReader;
		};
		60509C981F9F335000785EE9 /* PBXContainerItemProxy */ = {
			isa = PBXContainerItemProxy;
			containerPortal = 60509C901F9F328E00785EE9 /* QRCodeReader.xcodeproj */;
			proxyType = 1;
			remoteGlobalIDString = 60B2FDCF1F3A0AB200E23DF9;
			remoteInfo = QRCodeReader;
		};
		60E775851F90E0F500AE069C /* PBXContainerItemProxy */ = {
			isa = PBXContainerItemProxy;
			containerPortal = 60E7757E1F90E0F500AE069C /* PrivacyKit.xcodeproj */;
			proxyType = 2;
			remoteGlobalIDString = 606011D71D36381C0076A6AA;
			remoteInfo = PrivacyKit_iOS;
		};
		60E775871F90E0F500AE069C /* PBXContainerItemProxy */ = {
			isa = PBXContainerItemProxy;
			containerPortal = 60E7757E1F90E0F500AE069C /* PrivacyKit.xcodeproj */;
			proxyType = 2;
			remoteGlobalIDString = 606011E11D36381C0076A6AA;
			remoteInfo = PrivacyKitTests_iOS;
		};
		60E775891F90E0F500AE069C /* PBXContainerItemProxy */ = {
			isa = PBXContainerItemProxy;
			containerPortal = 60E7757E1F90E0F500AE069C /* PrivacyKit.xcodeproj */;
			proxyType = 2;
			remoteGlobalIDString = 601834081F418B96003AE3D8;
			remoteInfo = PrivacyKit_macOS;
		};
		60E7758B1F90E0F500AE069C /* PBXContainerItemProxy */ = {
			isa = PBXContainerItemProxy;
			containerPortal = 60E7757E1F90E0F500AE069C /* PrivacyKit.xcodeproj */;
			proxyType = 2;
			remoteGlobalIDString = 601834101F418B96003AE3D8;
			remoteInfo = PrivacyKitTests_macOS;
		};
		60E775911F90E12400AE069C /* PBXContainerItemProxy */ = {
			isa = PBXContainerItemProxy;
			containerPortal = 60E7757E1F90E0F500AE069C /* PrivacyKit.xcodeproj */;
			proxyType = 1;
			remoteGlobalIDString = 606011D61D36381C0076A6AA;
			remoteInfo = PrivacyKit_iOS;
		};
/* End PBXContainerItemProxy section */

/* Begin PBXCopyFilesBuildPhase section */
		60E775931F90E12400AE069C /* Embed Frameworks */ = {
			isa = PBXCopyFilesBuildPhase;
			buildActionMask = 2147483647;
			dstPath = "";
			dstSubfolderSpec = 10;
			files = (
				60E775901F90E12300AE069C /* PrivacyKit.framework in Embed Frameworks */,
				60509C971F9F334F00785EE9 /* QRCodeReader.framework in Embed Frameworks */,
			);
			name = "Embed Frameworks";
			runOnlyForDeploymentPostprocessing = 0;
		};
/* End PBXCopyFilesBuildPhase section */

/* Begin PBXFileReference section */
		601004BC1F976054004512EE /* ManageKeysViewController.swift */ = {isa = PBXFileReference; lastKnownFileType = sourcecode.swift; path = ManageKeysViewController.swift; sourceTree = "<group>"; };
		60509C901F9F328E00785EE9 /* QRCodeReader.xcodeproj */ = {isa = PBXFileReference; lastKnownFileType = "wrapper.pb-project"; name = QRCodeReader.xcodeproj; path = Dependencies/QRCodeReader/QRCodeReader.xcodeproj; sourceTree = "<group>"; };
		605475CA1F84D287005F7C76 /* TaskTableViewController.swift */ = {isa = PBXFileReference; lastKnownFileType = sourcecode.swift; path = TaskTableViewController.swift; sourceTree = "<group>"; };
		6070ADF21F84CDD4006B5ECE /* Task.swift */ = {isa = PBXFileReference; lastKnownFileType = sourcecode.swift; path = Task.swift; sourceTree = "<group>"; };
		6070ADF41F84CF4B006B5ECE /* TaskTableViewCell.swift */ = {isa = PBXFileReference; lastKnownFileType = sourcecode.swift; path = TaskTableViewCell.swift; sourceTree = "<group>"; };
		607EFC241F8BA1A80084692A /* TaskModel.swift */ = {isa = PBXFileReference; lastKnownFileType = sourcecode.swift; path = TaskModel.swift; sourceTree = "<group>"; };
		60E4DE571F828EDA00D04E9A /* Todo.app */ = {isa = PBXFileReference; explicitFileType = wrapper.application; includeInIndex = 0; path = Todo.app; sourceTree = BUILT_PRODUCTS_DIR; };
		60E4DE5A1F828EDA00D04E9A /* AppDelegate.swift */ = {isa = PBXFileReference; lastKnownFileType = sourcecode.swift; path = AppDelegate.swift; sourceTree = "<group>"; };
		60E4DE5C1F828EDA00D04E9A /* TaskViewController.swift */ = {isa = PBXFileReference; lastKnownFileType = sourcecode.swift; path = TaskViewController.swift; sourceTree = "<group>"; };
		60E4DE5F1F828EDA00D04E9A /* Base */ = {isa = PBXFileReference; lastKnownFileType = file.storyboard; name = Base; path = Base.lproj/Main.storyboard; sourceTree = "<group>"; };
		60E4DE611F828EDA00D04E9A /* Assets.xcassets */ = {isa = PBXFileReference; lastKnownFileType = folder.assetcatalog; path = Assets.xcassets; sourceTree = "<group>"; };
		60E4DE641F828EDA00D04E9A /* Base */ = {isa = PBXFileReference; lastKnownFileType = file.storyboard; name = Base; path = Base.lproj/LaunchScreen.storyboard; sourceTree = "<group>"; };
		60E4DE661F828EDA00D04E9A /* Info.plist */ = {isa = PBXFileReference; lastKnownFileType = text.plist.xml; path = Info.plist; sourceTree = "<group>"; };
		60E7757E1F90E0F500AE069C /* PrivacyKit.xcodeproj */ = {isa = PBXFileReference; lastKnownFileType = "wrapper.pb-project"; name = PrivacyKit.xcodeproj; path = Dependencies/PrivacyKit/PrivacyKit.xcodeproj; sourceTree = "<group>"; };
/* End PBXFileReference section */

/* Begin PBXFrameworksBuildPhase section */
		60E4DE541F828EDA00D04E9A /* Frameworks */ = {
			isa = PBXFrameworksBuildPhase;
			buildActionMask = 2147483647;
			files = (
				60E7758F1F90E12300AE069C /* PrivacyKit.framework in Frameworks */,
				60509C961F9F334F00785EE9 /* QRCodeReader.framework in Frameworks */,
			);
			runOnlyForDeploymentPostprocessing = 0;
		};
/* End PBXFrameworksBuildPhase section */

/* Begin PBXGroup section */
		60509C911F9F328E00785EE9 /* Products */ = {
			isa = PBXGroup;
			children = (
				60509C951F9F328E00785EE9 /* QRCodeReader.framework */,
			);
			name = Products;
			sourceTree = "<group>";
		};
		60E4DE4E1F828EDA00D04E9A = {
			isa = PBXGroup;
			children = (
				60E4DE591F828EDA00D04E9A /* Todo */,
				60E7757D1F90E0EC00AE069C /* Dependencies */,
				60E4DE581F828EDA00D04E9A /* Products */,
				60E7758D1F90E11000AE069C /* Frameworks */,
			);
			sourceTree = "<group>";
		};
		60E4DE581F828EDA00D04E9A /* Products */ = {
			isa = PBXGroup;
			children = (
				60E4DE571F828EDA00D04E9A /* Todo.app */,
			);
			name = Products;
			sourceTree = "<group>";
		};
		60E4DE591F828EDA00D04E9A /* Todo */ = {
			isa = PBXGroup;
			children = (
				60E4DE6C1F828EE500D04E9A /* Supporting Files */,
				60E4DE6D1F828EF800D04E9A /* Storyboards */,
				60E4DE5A1F828EDA00D04E9A /* AppDelegate.swift */,
				601004BC1F976054004512EE /* ManageKeysViewController.swift */,
				6070ADF21F84CDD4006B5ECE /* Task.swift */,
				607EFC241F8BA1A80084692A /* TaskModel.swift */,
				6070ADF41F84CF4B006B5ECE /* TaskTableViewCell.swift */,
				605475CA1F84D287005F7C76 /* TaskTableViewController.swift */,
				60E4DE5C1F828EDA00D04E9A /* TaskViewController.swift */,
			);
			path = Todo;
			sourceTree = "<group>";
		};
		60E4DE6C1F828EE500D04E9A /* Supporting Files */ = {
			isa = PBXGroup;
			children = (
				60E4DE611F828EDA00D04E9A /* Assets.xcassets */,
				60E4DE661F828EDA00D04E9A /* Info.plist */,
			);
			name = "Supporting Files";
			sourceTree = "<group>";
		};
		60E4DE6D1F828EF800D04E9A /* Storyboards */ = {
			isa = PBXGroup;
			children = (
				60E4DE5E1F828EDA00D04E9A /* Main.storyboard */,
				60E4DE631F828EDA00D04E9A /* LaunchScreen.storyboard */,
			);
			name = Storyboards;
			sourceTree = "<group>";
		};
		60E7757D1F90E0EC00AE069C /* Dependencies */ = {
			isa = PBXGroup;
			children = (
				60E7757E1F90E0F500AE069C /* PrivacyKit.xcodeproj */,
				60509C901F9F328E00785EE9 /* QRCodeReader.xcodeproj */,
			);
			name = Dependencies;
			sourceTree = "<group>";
		};
		60E7757F1F90E0F500AE069C /* Products */ = {
			isa = PBXGroup;
			children = (
				60E775861F90E0F500AE069C /* PrivacyKit.framework */,
				60E775881F90E0F500AE069C /* PrivacyKitTests.xctest */,
				60E7758A1F90E0F500AE069C /* PrivacyKit.framework */,
				60E7758C1F90E0F500AE069C /* PrivacyKitTests.xctest */,
			);
			name = Products;
			sourceTree = "<group>";
		};
		60E7758D1F90E11000AE069C /* Frameworks */ = {
			isa = PBXGroup;
			children = (
			);
			name = Frameworks;
			sourceTree = "<group>";
		};
/* End PBXGroup section */

/* Begin PBXNativeTarget section */
		60E4DE561F828EDA00D04E9A /* Todo */ = {
			isa = PBXNativeTarget;
			buildConfigurationList = 60E4DE691F828EDA00D04E9A /* Build configuration list for PBXNativeTarget "Todo" */;
			buildPhases = (
				60E4DE531F828EDA00D04E9A /* Sources */,
				60E4DE541F828EDA00D04E9A /* Frameworks */,
				60E4DE551F828EDA00D04E9A /* Resources */,
				60E775931F90E12400AE069C /* Embed Frameworks */,
			);
			buildRules = (
			);
			dependencies = (
				60E775921F90E12400AE069C /* PBXTargetDependency */,
				60509C991F9F335000785EE9 /* PBXTargetDependency */,
			);
			name = Todo;
			productName = Todo;
			productReference = 60E4DE571F828EDA00D04E9A /* Todo.app */;
			productType = "com.apple.product-type.application";
		};
/* End PBXNativeTarget section */

/* Begin PBXProject section */
		60E4DE4F1F828EDA00D04E9A /* Project object */ = {
			isa = PBXProject;
			attributes = {
				LastSwiftUpdateCheck = 0900;
				LastUpgradeCheck = 0940;
				ORGANIZATIONNAME = "Universität Hamburg";
				TargetAttributes = {
					60E4DE561F828EDA00D04E9A = {
						CreatedOnToolsVersion = 9.0;
						ProvisioningStyle = Automatic;
					};
				};
			};
			buildConfigurationList = 60E4DE521F828EDA00D04E9A /* Build configuration list for PBXProject "Todo" */;
			compatibilityVersion = "Xcode 8.0";
			developmentRegion = en;
			hasScannedForEncodings = 0;
			knownRegions = (
				en,
				Base,
			);
			mainGroup = 60E4DE4E1F828EDA00D04E9A;
			productRefGroup = 60E4DE581F828EDA00D04E9A /* Products */;
			projectDirPath = "";
			projectReferences = (
				{
					ProductGroup = 60E7757F1F90E0F500AE069C /* Products */;
					ProjectRef = 60E7757E1F90E0F500AE069C /* PrivacyKit.xcodeproj */;
				},
				{
					ProductGroup = 60509C911F9F328E00785EE9 /* Products */;
					ProjectRef = 60509C901F9F328E00785EE9 /* QRCodeReader.xcodeproj */;
				},
			);
			projectRoot = "";
			targets = (
				60E4DE561F828EDA00D04E9A /* Todo */,
			);
		};
/* End PBXProject section */

/* Begin PBXReferenceProxy section */
		60509C951F9F328E00785EE9 /* QRCodeReader.framework */ = {
			isa = PBXReferenceProxy;
			fileType = wrapper.framework;
			path = QRCodeReader.framework;
			remoteRef = 60509C941F9F328E00785EE9 /* PBXContainerItemProxy */;
			sourceTree = BUILT_PRODUCTS_DIR;
		};
		60E775861F90E0F500AE069C /* PrivacyKit.framework */ = {
			isa = PBXReferenceProxy;
			fileType = wrapper.framework;
			path = PrivacyKit.framework;
			remoteRef = 60E775851F90E0F500AE069C /* PBXContainerItemProxy */;
			sourceTree = BUILT_PRODUCTS_DIR;
		};
		60E775881F90E0F500AE069C /* PrivacyKitTests.xctest */ = {
			isa = PBXReferenceProxy;
			fileType = wrapper.cfbundle;
			path = PrivacyKitTests.xctest;
			remoteRef = 60E775871F90E0F500AE069C /* PBXContainerItemProxy */;
			sourceTree = BUILT_PRODUCTS_DIR;
		};
		60E7758A1F90E0F500AE069C /* PrivacyKit.framework */ = {
			isa = PBXReferenceProxy;
			fileType = wrapper.framework;
			path = PrivacyKit.framework;
			remoteRef = 60E775891F90E0F500AE069C /* PBXContainerItemProxy */;
			sourceTree = BUILT_PRODUCTS_DIR;
		};
		60E7758C1F90E0F500AE069C /* PrivacyKitTests.xctest */ = {
			isa = PBXReferenceProxy;
			fileType = wrapper.cfbundle;
			path = PrivacyKitTests.xctest;
			remoteRef = 60E7758B1F90E0F500AE069C /* PBXContainerItemProxy */;
			sourceTree = BUILT_PRODUCTS_DIR;
		};
/* End PBXReferenceProxy section */

/* Begin PBXResourcesBuildPhase section */
		60E4DE551F828EDA00D04E9A /* Resources */ = {
			isa = PBXResourcesBuildPhase;
			buildActionMask = 2147483647;
			files = (
				60E4DE651F828EDA00D04E9A /* LaunchScreen.storyboard in Resources */,
				60E4DE621F828EDA00D04E9A /* Assets.xcassets in Resources */,
				60E4DE601F828EDA00D04E9A /* Main.storyboard in Resources */,
			);
			runOnlyForDeploymentPostprocessing = 0;
		};
/* End PBXResourcesBuildPhase section */

/* Begin PBXSourcesBuildPhase section */
		60E4DE531F828EDA00D04E9A /* Sources */ = {
			isa = PBXSourcesBuildPhase;
			buildActionMask = 2147483647;
			files = (
				605475CB1F84D287005F7C76 /* TaskTableViewController.swift in Sources */,
				6070ADF51F84CF4B006B5ECE /* TaskTableViewCell.swift in Sources */,
				60E4DE5D1F828EDA00D04E9A /* TaskViewController.swift in Sources */,
				6070ADF31F84CDD4006B5ECE /* Task.swift in Sources */,
				60E4DE5B1F828EDA00D04E9A /* AppDelegate.swift in Sources */,
				607EFC251F8BA1A80084692A /* TaskModel.swift in Sources */,
				601004BD1F976054004512EE /* ManageKeysViewController.swift in Sources */,
			);
			runOnlyForDeploymentPostprocessing = 0;
		};
/* End PBXSourcesBuildPhase section */

/* Begin PBXTargetDependency section */
		60509C991F9F335000785EE9 /* PBXTargetDependency */ = {
			isa = PBXTargetDependency;
			name = QRCodeReader;
			targetProxy = 60509C981F9F335000785EE9 /* PBXContainerItemProxy */;
		};
		60E775921F90E12400AE069C /* PBXTargetDependency */ = {
			isa = PBXTargetDependency;
			name = PrivacyKit_iOS;
			targetProxy = 60E775911F90E12400AE069C /* PBXContainerItemProxy */;
		};
/* End PBXTargetDependency section */

/* Begin PBXVariantGroup section */
		60E4DE5E1F828EDA00D04E9A /* Main.storyboard */ = {
			isa = PBXVariantGroup;
			children = (
				60E4DE5F1F828EDA00D04E9A /* Base */,
			);
			name = Main.storyboard;
			sourceTree = "<group>";
		};
		60E4DE631F828EDA00D04E9A /* LaunchScreen.storyboard */ = {
			isa = PBXVariantGroup;
			children = (
				60E4DE641F828EDA00D04E9A /* Base */,
			);
			name = LaunchScreen.storyboard;
			sourceTree = "<group>";
		};
/* End PBXVariantGroup section */

/* Begin XCBuildConfiguration section */
		60E4DE671F828EDA00D04E9A /* Debug */ = {
			isa = XCBuildConfiguration;
			buildSettings = {
				ALWAYS_SEARCH_USER_PATHS = NO;
				CLANG_ANALYZER_NONNULL = YES;
				CLANG_ANALYZER_NUMBER_OBJECT_CONVERSION = YES_AGGRESSIVE;
				CLANG_CXX_LANGUAGE_STANDARD = "gnu++14";
				CLANG_CXX_LIBRARY = "libc++";
				CLANG_ENABLE_MODULES = YES;
				CLANG_ENABLE_OBJC_ARC = YES;
				CLANG_WARN_BLOCK_CAPTURE_AUTORELEASING = YES;
				CLANG_WARN_BOOL_CONVERSION = YES;
				CLANG_WARN_COMMA = YES;
				CLANG_WARN_CONSTANT_CONVERSION = YES;
				CLANG_WARN_DEPRECATED_OBJC_IMPLEMENTATIONS = YES;
				CLANG_WARN_DIRECT_OBJC_ISA_USAGE = YES_ERROR;
				CLANG_WARN_DOCUMENTATION_COMMENTS = YES;
				CLANG_WARN_EMPTY_BODY = YES;
				CLANG_WARN_ENUM_CONVERSION = YES;
				CLANG_WARN_INFINITE_RECURSION = YES;
				CLANG_WARN_INT_CONVERSION = YES;
				CLANG_WARN_NON_LITERAL_NULL_CONVERSION = YES;
				CLANG_WARN_OBJC_IMPLICIT_RETAIN_SELF = YES;
				CLANG_WARN_OBJC_LITERAL_CONVERSION = YES;
				CLANG_WARN_OBJC_ROOT_CLASS = YES_ERROR;
				CLANG_WARN_RANGE_LOOP_ANALYSIS = YES;
				CLANG_WARN_STRICT_PROTOTYPES = YES;
				CLANG_WARN_SUSPICIOUS_MOVE = YES;
				CLANG_WARN_UNGUARDED_AVAILABILITY = YES_AGGRESSIVE;
				CLANG_WARN_UNREACHABLE_CODE = YES;
				CLANG_WARN__DUPLICATE_METHOD_MATCH = YES;
				CODE_SIGN_IDENTITY = "iPhone Developer";
				COPY_PHASE_STRIP = NO;
				DEBUG_INFORMATION_FORMAT = dwarf;
				ENABLE_STRICT_OBJC_MSGSEND = YES;
				ENABLE_TESTABILITY = YES;
				GCC_C_LANGUAGE_STANDARD = gnu11;
				GCC_DYNAMIC_NO_PIC = NO;
				GCC_NO_COMMON_BLOCKS = YES;
				GCC_OPTIMIZATION_LEVEL = 0;
				GCC_PREPROCESSOR_DEFINITIONS = (
					"DEBUG=1",
					"$(inherited)",
				);
				GCC_WARN_64_TO_32_BIT_CONVERSION = YES;
				GCC_WARN_ABOUT_RETURN_TYPE = YES_ERROR;
				GCC_WARN_UNDECLARED_SELECTOR = YES;
				GCC_WARN_UNINITIALIZED_AUTOS = YES_AGGRESSIVE;
				GCC_WARN_UNUSED_FUNCTION = YES;
				GCC_WARN_UNUSED_VARIABLE = YES;
				IPHONEOS_DEPLOYMENT_TARGET = 11.0;
				MTL_ENABLE_DEBUG_INFO = YES;
				ONLY_ACTIVE_ARCH = YES;
				SDKROOT = iphoneos;
				SWIFT_ACTIVE_COMPILATION_CONDITIONS = DEBUG;
				SWIFT_OPTIMIZATION_LEVEL = "-Onone";
			};
			name = Debug;
		};
		60E4DE681F828EDA00D04E9A /* Release */ = {
			isa = XCBuildConfiguration;
			buildSettings = {
				ALWAYS_SEARCH_USER_PATHS = NO;
				CLANG_ANALYZER_NONNULL = YES;
				CLANG_ANALYZER_NUMBER_OBJECT_CONVERSION = YES_AGGRESSIVE;
				CLANG_CXX_LANGUAGE_STANDARD = "gnu++14";
				CLANG_CXX_LIBRARY = "libc++";
				CLANG_ENABLE_MODULES = YES;
				CLANG_ENABLE_OBJC_ARC = YES;
				CLANG_WARN_BLOCK_CAPTURE_AUTORELEASING = YES;
				CLANG_WARN_BOOL_CONVERSION = YES;
				CLANG_WARN_COMMA = YES;
				CLANG_WARN_CONSTANT_CONVERSION = YES;
				CLANG_WARN_DEPRECATED_OBJC_IMPLEMENTATIONS = YES;
				CLANG_WARN_DIRECT_OBJC_ISA_USAGE = YES_ERROR;
				CLANG_WARN_DOCUMENTATION_COMMENTS = YES;
				CLANG_WARN_EMPTY_BODY = YES;
				CLANG_WARN_ENUM_CONVERSION = YES;
				CLANG_WARN_INFINITE_RECURSION = YES;
				CLANG_WARN_INT_CONVERSION = YES;
				CLANG_WARN_NON_LITERAL_NULL_CONVERSION = YES;
				CLANG_WARN_OBJC_IMPLICIT_RETAIN_SELF = YES;
				CLANG_WARN_OBJC_LITERAL_CONVERSION = YES;
				CLANG_WARN_OBJC_ROOT_CLASS = YES_ERROR;
				CLANG_WARN_RANGE_LOOP_ANALYSIS = YES;
				CLANG_WARN_STRICT_PROTOTYPES = YES;
				CLANG_WARN_SUSPICIOUS_MOVE = YES;
				CLANG_WARN_UNGUARDED_AVAILABILITY = YES_AGGRESSIVE;
				CLANG_WARN_UNREACHABLE_CODE = YES;
				CLANG_WARN__DUPLICATE_METHOD_MATCH = YES;
				CODE_SIGN_IDENTITY = "iPhone Developer";
				COPY_PHASE_STRIP = NO;
				DEBUG_INFORMATION_FORMAT = "dwarf-with-dsym";
				ENABLE_NS_ASSERTIONS = NO;
				ENABLE_STRICT_OBJC_MSGSEND = YES;
				GCC_C_LANGUAGE_STANDARD = gnu11;
				GCC_NO_COMMON_BLOCKS = YES;
				GCC_WARN_64_TO_32_BIT_CONVERSION = YES;
				GCC_WARN_ABOUT_RETURN_TYPE = YES_ERROR;
				GCC_WARN_UNDECLARED_SELECTOR = YES;
				GCC_WARN_UNINITIALIZED_AUTOS = YES_AGGRESSIVE;
				GCC_WARN_UNUSED_FUNCTION = YES;
				GCC_WARN_UNUSED_VARIABLE = YES;
				IPHONEOS_DEPLOYMENT_TARGET = 11.0;
				MTL_ENABLE_DEBUG_INFO = NO;
				SDKROOT = iphoneos;
				SWIFT_OPTIMIZATION_LEVEL = "-Owholemodule";
				VALIDATE_PRODUCT = YES;
			};
			name = Release;
		};
		60E4DE6A1F828EDA00D04E9A /* Debug */ = {
			isa = XCBuildConfiguration;
			buildSettings = {
				ALWAYS_EMBED_SWIFT_STANDARD_LIBRARIES = YES;
				ASSETCATALOG_COMPILER_APPICON_NAME = AppIcon;
				CODE_SIGN_STYLE = Automatic;
				DEVELOPMENT_TEAM = NMNJSTDFHQ;
				ENABLE_BITCODE = NO;
				INFOPLIST_FILE = Todo/Info.plist;
				LD_RUNPATH_SEARCH_PATHS = "$(inherited) @executable_path/Frameworks";
				PRODUCT_BUNDLE_IDENTIFIER = "de.uni-hamburg.informatik.blochberger.Todo";
				PRODUCT_NAME = "$(TARGET_NAME)";
				SWIFT_VERSION = 4.0;
				TARGETED_DEVICE_FAMILY = "1,2";
			};
			name = Debug;
		};
		60E4DE6B1F828EDA00D04E9A /* Release */ = {
			isa = XCBuildConfiguration;
			buildSettings = {
				ALWAYS_EMBED_SWIFT_STANDARD_LIBRARIES = YES;
				ASSETCATALOG_COMPILER_APPICON_NAME = AppIcon;
				CODE_SIGN_STYLE = Automatic;
				DEVELOPMENT_TEAM = NMNJSTDFHQ;
				ENABLE_BITCODE = NO;
				INFOPLIST_FILE = Todo/Info.plist;
				LD_RUNPATH_SEARCH_PATHS = "$(inherited) @executable_path/Frameworks";
				PRODUCT_BUNDLE_IDENTIFIER = "de.uni-hamburg.informatik.blochberger.Todo";
				PRODUCT_NAME = "$(TARGET_NAME)";
				SWIFT_VERSION = 4.0;
				TARGETED_DEVICE_FAMILY = "1,2";
			};
			name = Release;
		};
/* End XCBuildConfiguration section */

/* Begin XCConfigurationList section */
		60E4DE521F828EDA00D04E9A /* Build configuration list for PBXProject "Todo" */ = {
			isa = XCConfigurationList;
			buildConfigurations = (
				60E4DE671F828EDA00D04E9A /* Debug */,
				60E4DE681F828EDA00D04E9A /* Release */,
			);
			defaultConfigurationIsVisible = 0;
			defaultConfigurationName = Release;
		};
		60E4DE691F828EDA00D04E9A /* Build configuration list for PBXNativeTarget "Todo" */ = {
			isa = XCConfigurationList;
			buildConfigurations = (
				60E4DE6A1F828EDA00D04E9A /* Debug */,
				60E4DE6B1F828EDA00D04E9A /* Release */,
			);
			defaultConfigurationIsVisible = 0;
			defaultConfigurationName = Release;
		};
/* End XCConfigurationList section */
	};
	rootObject = 60E4DE4F1F828EDA00D04E9A /* Project object */;
}
